{
  "nodes": {
    "bunny-yazi": {
      "flake": false,
      "locked": {
        "lastModified": 1758216834,
        "narHash": "sha256-xdRP8Y2ZadNFge7mVhfu2d8DoitknQmkxFV+NIsjsG4=",
        "owner": "stelcodes",
        "repo": "bunny.yazi",
        "rev": "7137a44324235c0f04d4b73e5fdd6845c99db278",
        "type": "github"
      },
      "original": {
        "owner": "stelcodes",
        "repo": "bunny.yazi",
        "type": "github"
      }
    },
    "catppuccin": {
      "inputs": {
        "nixpkgs": "nixpkgs"
      },
      "locked": {
        "lastModified": 1760953099,
        "narHash": "sha256-sOKx2YcHa+lWEvaEOIGqLN2WWk1Wf5z6KM02tdfhMtw=",
        "owner": "catppuccin",
        "repo": "nix",
        "rev": "f5b21876888265d2fee7fb0640d1b66a1c1c6503",
        "type": "github"
      },
      "original": {
        "owner": "catppuccin",
        "repo": "nix",
        "type": "github"
      }
    },
    "home-manager": {
      "inputs": {
        "nixpkgs": [
          "nixpkgs"
        ]
      },
      "locked": {
        "lastModified": 1761005073,
        "narHash": "sha256-r6qbieh8iC1q1eCaWv15f4UIp8SeGffwswhNSA1Qk3s=",
        "owner": "nix-community",
        "repo": "home-manager",
        "rev": "84e1adb0cdd13f5f29886091c7234365e12b1e7f",
        "type": "github"
      },
      "original": {
        "owner": "nix-community",
        "repo": "home-manager",
        "type": "github"
      }
    },
    "nixpkgs": {
      "locked": {
        "lastModified": 1760524057,
        "narHash": "sha256-EVAqOteLBFmd7pKkb0+FIUyzTF61VKi7YmvP1tw4nEw=",
        "owner": "NixOS",
        "repo": "nixpkgs",
        "rev": "544961dfcce86422ba200ed9a0b00dd4b1486ec5",
        "type": "github"
      },
      "original": {
        "owner": "NixOS",
        "ref": "nixos-unstable",
        "repo": "nixpkgs",
        "type": "github"
      }
    },
    "nixpkgs_2": {
      "locked": {
        "lastModified": 1760934318,
        "narHash": "sha256-/oUYsC0lUCBory65VK+UHqCCsCspbL1Vgfcf1KUYqVw=",
        "owner": "NixOS",
        "repo": "nixpkgs",
        "rev": "87848bf0cc4f87717fc813a4575f07330c3e743c",
        "type": "github"
      },
      "original": {
        "owner": "NixOS",
        "ref": "nixpkgs-unstable",
        "repo": "nixpkgs",
        "type": "github"
      }
    },
    "root": {
      "inputs": {
        "bunny-yazi": "bunny-yazi",
        "catppuccin": "catppuccin",
        "home-manager": "home-manager",
        "nixpkgs": "nixpkgs_2"
      }
    }
  },
  "root": "root",
  "version": 7
}
