{
  "nodes": {
    "bunny-yazi": {
      "flake": false,
      "locked": {
        "lastModified": 1758216834,
        "narHash": "sha256-xdRP8Y2ZadNFge7mVhfu2d8DoitknQmkxFV+NIsjsG4=",
        "owner": "stelcodes",
        "repo": "bunny.yazi",
        "rev": "7137a44324235c0f04d4b73e5fdd6845c99db278",
        "type": "github"
      },
      "original": {
        "owner": "stelcodes",
        "repo": "bunny.yazi",
        "type": "github"
      }
    },
    "catppuccin": {
      "inputs": {
        "nixpkgs": "nixpkgs"
      },
      "locked": {
        "lastModified": 1761553912,
        "narHash": "sha256-3UOEQPBlZo9OixT9L1zoD67QheopTG8/EfRPGKyP9bg=",
        "owner": "catppuccin",
        "repo": "nix",
        "rev": "7b42c91911c143ae3ea32a79cc8582b5920f24e3",
        "type": "github"
      },
      "original": {
        "owner": "catppuccin",
        "repo": "nix",
        "type": "github"
      }
    },
    "flake-utils": {
      "inputs": {
        "systems": "systems"
      },
      "locked": {
        "lastModified": 1710146030,
        "narHash": "sha256-SZ5L6eA7HJ/nmkzGG7/ISclqe6oZdOZTNoesiInkXPQ=",
        "owner": "numtide",
        "repo": "flake-utils",
        "rev": "b1d9ab70662946ef0850d488da1c9019f3a9752a",
        "type": "github"
      },
      "original": {
        "owner": "numtide",
        "repo": "flake-utils",
        "type": "github"
      }
    },
    "home-manager": {
      "inputs": {
        "nixpkgs": [
          "nixpkgs"
        ]
      },
      "locked": {
        "lastModified": 1761770832,
        "narHash": "sha256-IQIWG6kHxnUpx5KEb9r0BROL3/R6UQ/30aO2oHncBA8=",
        "owner": "nix-community",
        "repo": "home-manager",
        "rev": "124b99dbd1594dbebdd575ac7142752ee96a98a0",
        "type": "github"
      },
      "original": {
        "owner": "nix-community",
        "repo": "home-manager",
        "type": "github"
      }
    },
    "nixpkgs": {
      "locked": {
        "lastModified": 1760524057,
        "narHash": "sha256-EVAqOteLBFmd7pKkb0+FIUyzTF61VKi7YmvP1tw4nEw=",
        "owner": "NixOS",
        "repo": "nixpkgs",
        "rev": "544961dfcce86422ba200ed9a0b00dd4b1486ec5",
        "type": "github"
      },
      "original": {
        "owner": "NixOS",
        "ref": "nixos-unstable",
        "repo": "nixpkgs",
        "type": "github"
      }
    },
    "nixpkgs_2": {
      "locked": {
        "lastModified": 1761656231,
        "narHash": "sha256-EiED5k6gXTWoAIS8yQqi5mAX6ojnzpHwAQTS3ykeYMg=",
        "owner": "NixOS",
        "repo": "nixpkgs",
        "rev": "e99366c665bdd53b7b500ccdc5226675cfc51f45",
        "type": "github"
      },
      "original": {
        "owner": "NixOS",
        "ref": "nixpkgs-unstable",
        "repo": "nixpkgs",
        "type": "github"
      }
    },
    "root": {
      "inputs": {
        "bunny-yazi": "bunny-yazi",
        "catppuccin": "catppuccin",
        "home-manager": "home-manager",
        "nixpkgs": "nixpkgs_2",
        "sheldon": "sheldon"
      }
    },
    "rust-overlay": {
      "inputs": {
        "flake-utils": [
          "sheldon",
          "flake-utils"
        ],
        "nixpkgs": [
          "sheldon",
          "nixpkgs"
        ]
      },
      "locked": {
        "lastModified": 1717640276,
        "narHash": "sha256-xtWJuHl0Zq1/pibvU7V8+qad4fcNLP4yerO54nr4Hec=",
        "owner": "oxalica",
        "repo": "rust-overlay",
        "rev": "96161e19677e2ae639c41147e422da4d6ec48240",
        "type": "github"
      },
      "original": {
        "owner": "oxalica",
        "repo": "rust-overlay",
        "type": "github"
      }
    },
    "sheldon": {
      "inputs": {
        "flake-utils": "flake-utils",
        "nixpkgs": [
          "nixpkgs"
        ],
        "rust-overlay": "rust-overlay"
      },
      "locked": {
        "lastModified": 1761028021,
        "narHash": "sha256-wT/n7phaqH9yAAH6kVs9qIfiiu+1PqATCrz8oNYymP8=",
        "owner": "rossmacarthur",
        "repo": "sheldon",
        "rev": "7782bfc397ccb179f38391500ac15f4ca7210971",
        "type": "github"
      },
      "original": {
        "owner": "rossmacarthur",
        "repo": "sheldon",
        "type": "github"
      }
    },
    "systems": {
      "locked": {
        "lastModified": 1681028828,
        "narHash": "sha256-Vy1rq5AaRuLzOxct8nz4T6wlgyUR7zLU309k9mBC768=",
        "owner": "nix-systems",
        "repo": "default",
        "rev": "da67096a3b9bf56a91d16901293e51ba5b49a27e",
        "type": "github"
      },
      "original": {
        "owner": "nix-systems",
        "repo": "default",
        "type": "github"
      }
    }
  },
  "root": "root",
  "version": 7
}
